
Microsoft Visual Studio Solution File, Format Version 12.00
# Visual Studio Version 16
VisualStudioVersion = 16.0.31205.134
MinimumVisualStudioVersion = 10.0.40219.1
Project("{8BC9CEB8-8B4A-11D0-8D11-00A0C91BC942}") = "DSP_Lab3.1", "DSP_Lab3.1\DSP_Lab3.1.vcxproj", "{85EA142D-7805-46D4-98E9-29E657340316}"
EndProject
Global
	GlobalSection(SolutionConfigurationPlatforms) = preSolution
		Debug|x64 = Debug|x64
		Debug|x86 = Debug|x86
		Release|x64 = Release|x64
		Release|x86 = Release|x86
	EndGlobalSection
	GlobalSection(ProjectConfigurationPlatforms) = postSolution
		{85EA142D-7805-46D4-98E9-29E657340316}.Debug|x64.ActiveCfg = Debug|x64
		{85EA142D-7805-46D4-98E9-29E657340316}.Debug|x64.Build.0 = Debug|x64
		{85EA142D-7805-46D4-98E9-29E657340316}.Debug|x86.ActiveCfg = Debug|Win32
		{85EA142D-7805-46D4-98E9-29E657340316}.Debug|x86.Build.0 = Debug|Win32
		{85EA142D-7805-46D4-98E9-29E657340316}.Release|x64.ActiveCfg = Release|x64
		{85EA142D-7805-46D4-98E9-29E657340316}.Release|x64.Build.0 = Release|x64
		{85EA142D-7805-46D4-98E9-29E657340316}.Release|x86.ActiveCfg = Release|Win32
		{85EA142D-7805-46D4-98E9-29E657340316}.Release|x86.Build.0 = Release|Win32
	EndGlobalSection
	GlobalSection(SolutionProperties) = preSolution
		HideSolutionNode = FALSE
	EndGlobalSection
	GlobalSection(ExtensibilityGlobals) = postSolution
		SolutionGuid = {1C034F38-B182-4460-A16C-842DB4DEC495}
	EndGlobalSection
EndGlobal
